
Microsoft Visual Studio Solution File, Format Version 12.00
# Visual Studio Version 17
VisualStudioVersion = 17.7.34202.233
MinimumVisualStudioVersion = 10.0.40219.1
Project("{9A19103F-16F7-4668-BE54-9A1E7A4F7556}") = "proiect2", "proiect2.csproj", "{6015781D-7BC7-4EDE-A07A-D74254EF3584}"
EndProject
Project("{FAE04EC0-301F-11D3-BF4B-00C04F79EFBC}") = "WebAPI", "..\WebAPI\WebAPI.csproj", "{E63306E7-DAD3-495B-AC68-877F19EE3F5E}"
EndProject
Project("{FAE04EC0-301F-11D3-BF4B-00C04F79EFBC}") = "WebApp", "..\WebApp\WebApp.csproj", "{018B50A8-2EA3-4696-9092-B0F38B0F7E9E}"
EndProject
Global
	GlobalSection(SolutionConfigurationPlatforms) = preSolution
		Debug|Any CPU = Debug|Any CPU
		Release|Any CPU = Release|Any CPU
	EndGlobalSection
	GlobalSection(ProjectConfigurationPlatforms) = postSolution
		{6015781D-7BC7-4EDE-A07A-D74254EF3584}.Debug|Any CPU.ActiveCfg = Debug|Any CPU
		{6015781D-7BC7-4EDE-A07A-D74254EF3584}.Debug|Any CPU.Build.0 = Debug|Any CPU
		{6015781D-7BC7-4EDE-A07A-D74254EF3584}.Debug|Any CPU.Deploy.0 = Debug|Any CPU
		{6015781D-7BC7-4EDE-A07A-D74254EF3584}.Release|Any CPU.ActiveCfg = Release|Any CPU
		{6015781D-7BC7-4EDE-A07A-D74254EF3584}.Release|Any CPU.Build.0 = Release|Any CPU
		{6015781D-7BC7-4EDE-A07A-D74254EF3584}.Release|Any CPU.Deploy.0 = Release|Any CPU
		{E63306E7-DAD3-495B-AC68-877F19EE3F5E}.Debug|Any CPU.ActiveCfg = Debug|Any CPU
		{E63306E7-DAD3-495B-AC68-877F19EE3F5E}.Debug|Any CPU.Build.0 = Debug|Any CPU
		{E63306E7-DAD3-495B-AC68-877F19EE3F5E}.Release|Any CPU.ActiveCfg = Release|Any CPU
		{E63306E7-DAD3-495B-AC68-877F19EE3F5E}.Release|Any CPU.Build.0 = Release|Any CPU
		{018B50A8-2EA3-4696-9092-B0F38B0F7E9E}.Debug|Any CPU.ActiveCfg = Debug|Any CPU
		{018B50A8-2EA3-4696-9092-B0F38B0F7E9E}.Debug|Any CPU.Build.0 = Debug|Any CPU
		{018B50A8-2EA3-4696-9092-B0F38B0F7E9E}.Release|Any CPU.ActiveCfg = Release|Any CPU
		{018B50A8-2EA3-4696-9092-B0F38B0F7E9E}.Release|Any CPU.Build.0 = Release|Any CPU
	EndGlobalSection
	GlobalSection(SolutionProperties) = preSolution
		HideSolutionNode = FALSE
	EndGlobalSection
	GlobalSection(ExtensibilityGlobals) = postSolution
		SolutionGuid = {43A83EAD-BAB0-49C3-8085-E9BC361DB981}
	EndGlobalSection
EndGlobal
